{
  "name": "node-ts-resolver",
  "version": "1.0.0",
  "lockfileVersion": 3,
  "requires": true,
  "packages": {
    "": {
      "name": "node-ts-resolver",
      "version": "1.0.0",
      "license": "MIT",
      "dependencies": {
        "amaro": "^1.1.0"
      },
      "engines": {
        "node": ">=22.6.0"
      }
    },
    "node_modules/amaro": {
      "version": "1.1.0",
      "resolved": "https://registry.npmjs.org/amaro/-/amaro-1.1.0.tgz",
      "integrity": "sha512-P/1Rz1EEHBvEOlLyEnDNsR7EYX+0YTkC6drQL9veCv+hZy8ZNVZ2oFYoZDhAcQbVuRRER2IEpgx+LQAjwVfWuQ==",
      "engines": {
        "node": ">=22"
      }
    }
  }
}
