{
  "name": "node-ts-resolver-tests",
  "version": "0.0.0",
  "lockfileVersion": 3,
  "requires": true,
  "packages": {
    "": {
      "name": "node-ts-resolver-tests",
      "version": "0.0.0",
      "dependencies": {
        "node-ts-resolver": "file:..",
        "test-package": "file:./test-package"
      },
      "devDependencies": {
        "@types/node": "^24.0.3"
      },
      "engines": {
        "node": ">=22"
      }
    },
    "..": {
      "name": "node-ts-resolver",
      "version": "1.0.0",
      "license": "MIT",
      "dependencies": {
        "amaro": "^1.1.0"
      },
      "engines": {
        "node": ">=22.6.0"
      }
    },
    "node_modules/.pnpm/@types+node@22.15.32": {
      "extraneous": true
    },
    "node_modules/.pnpm/amaro@1.1.0/node_modules/amaro": {
      "version": "1.1.0",
      "extraneous": true,
      "license": "MIT",
      "devDependencies": {
        "@biomejs/biome": "1.8.3",
        "@types/node": "^22.0.0",
        "esbuild": "^0.23.0",
        "esbuild-plugin-copy": "^2.1.1",
        "rimraf": "^6.0.1",
        "typescript": "^5.5.3"
      },
      "engines": {
        "node": ">=22"
      }
    },
    "node_modules/.pnpm/node-resolve-ts@file+../node_modules/node-resolve-ts": {
      "version": "1.0.2",
      "extraneous": true,
      "license": "ISC"
    },
    "node_modules/.pnpm/undici-types@6.21.0/node_modules/undici-types": {
      "version": "6.21.0",
      "extraneous": true,
      "license": "MIT"
    },
    "node_modules/@types/node": {
      "version": "24.0.3",
      "resolved": "https://registry.npmjs.org/@types/node/-/node-24.0.3.tgz",
      "integrity": "sha512-R4I/kzCYAdRLzfiCabn9hxWfbuHS573x+r0dJMkkzThEa7pbrcDWK+9zu3e7aBOouf+rQAciqPFMnxwr0aWgKg==",
      "dev": true,
      "dependencies": {
        "undici-types": "~7.8.0"
      }
    },
    "node_modules/@types/node/node_modules/undici-types": {
      "version": "7.8.0",
      "resolved": "https://registry.npmjs.org/undici-types/-/undici-types-7.8.0.tgz",
      "integrity": "sha512-9UJ2xGDvQ43tYyVMpuHlsgApydB8ZKfVYTsLDhXkFL/6gfkp+U8xTGdh8pMJv1SpZna0zxG1DwsKZsreLbXBxw==",
      "dev": true
    },
    "node_modules/node-ts-resolver": {
      "resolved": "..",
      "link": true
    },
    "node_modules/test-package": {
      "resolved": "test-package",
      "link": true
    },
    "test-package": {}
  }
}
